
Microsoft Visual Studio Solution File, Format Version 12.00
# Visual Studio 15
VisualStudioVersion = 15.0.27703.2018
MinimumVisualStudioVersion = 10.0.40219.1
Project("{9A19103F-16F7-4668-BE54-9A1E7A4F7556}") = "Manulife.DNC.MSAD.APIGateway", "..\Ocelot_Consul_Demo\Manulife.DNC.MSAD.APIGateway\Manulife.DNC.MSAD.APIGateway.csproj", "{29EFD41D-CE85-4BF0-A043-462428970290}"
EndProject
Project("{9A19103F-16F7-4668-BE54-9A1E7A4F7556}") = "Manulife.DNC.MSAD.NB.NoticeService", "..\Ocelot_Consul_Demo\Manulife.DNC.MSAD.NB.NoticeService\Manulife.DNC.MSAD.NB.NoticeService.csproj", "{897603D8-D3A4-418A-9843-6A032BB65DCD}"
EndProject
Project("{9A19103F-16F7-4668-BE54-9A1E7A4F7556}") = "Manulife.DNC.MSAD.NB.ProductService", "..\Ocelot_Consul_Demo\Manulife.DNC.MSAD.NB.ProductService\Manulife.DNC.MSAD.NB.ProductService.csproj", "{34A378CD-6998-400A-9E35-FFA8742C54B9}"
EndProject
Project("{9A19103F-16F7-4668-BE54-9A1E7A4F7556}") = "Manulife.DNC.MSAD.NB.ZAPEngineService", "..\Ocelot_Consul_Demo\Manulife.DNC.MSAD.NB.ZAPEngineService\Manulife.DNC.MSAD.NB.ZAPEngineService.csproj", "{51C1454F-6676-4BA8-9BAB-279F98EEE4F0}"
EndProject
Project("{9A19103F-16F7-4668-BE54-9A1E7A4F7556}") = "Manulife.DNC.MSAD.Common", "Manulife.DNC.MSAD.Common\Manulife.DNC.MSAD.Common.csproj", "{B7FABE54-46C6-4CDE-A47D-1FC97BFE7A57}"
EndProject
Global
	GlobalSection(SolutionConfigurationPlatforms) = preSolution
		Debug|Any CPU = Debug|Any CPU
		Release|Any CPU = Release|Any CPU
	EndGlobalSection
	GlobalSection(ProjectConfigurationPlatforms) = postSolution
		{29EFD41D-CE85-4BF0-A043-462428970290}.Debug|Any CPU.ActiveCfg = Debug|Any CPU
		{29EFD41D-CE85-4BF0-A043-462428970290}.Debug|Any CPU.Build.0 = Debug|Any CPU
		{29EFD41D-CE85-4BF0-A043-462428970290}.Release|Any CPU.ActiveCfg = Release|Any CPU
		{29EFD41D-CE85-4BF0-A043-462428970290}.Release|Any CPU.Build.0 = Release|Any CPU
		{897603D8-D3A4-418A-9843-6A032BB65DCD}.Debug|Any CPU.ActiveCfg = Debug|Any CPU
		{897603D8-D3A4-418A-9843-6A032BB65DCD}.Debug|Any CPU.Build.0 = Debug|Any CPU
		{897603D8-D3A4-418A-9843-6A032BB65DCD}.Release|Any CPU.ActiveCfg = Release|Any CPU
		{897603D8-D3A4-418A-9843-6A032BB65DCD}.Release|Any CPU.Build.0 = Release|Any CPU
		{34A378CD-6998-400A-9E35-FFA8742C54B9}.Debug|Any CPU.ActiveCfg = Debug|Any CPU
		{34A378CD-6998-400A-9E35-FFA8742C54B9}.Debug|Any CPU.Build.0 = Debug|Any CPU
		{34A378CD-6998-400A-9E35-FFA8742C54B9}.Release|Any CPU.ActiveCfg = Release|Any CPU
		{34A378CD-6998-400A-9E35-FFA8742C54B9}.Release|Any CPU.Build.0 = Release|Any CPU
		{51C1454F-6676-4BA8-9BAB-279F98EEE4F0}.Debug|Any CPU.ActiveCfg = Debug|Any CPU
		{51C1454F-6676-4BA8-9BAB-279F98EEE4F0}.Debug|Any CPU.Build.0 = Debug|Any CPU
		{51C1454F-6676-4BA8-9BAB-279F98EEE4F0}.Release|Any CPU.ActiveCfg = Release|Any CPU
		{51C1454F-6676-4BA8-9BAB-279F98EEE4F0}.Release|Any CPU.Build.0 = Release|Any CPU
		{B7FABE54-46C6-4CDE-A47D-1FC97BFE7A57}.Debug|Any CPU.ActiveCfg = Debug|Any CPU
		{B7FABE54-46C6-4CDE-A47D-1FC97BFE7A57}.Debug|Any CPU.Build.0 = Debug|Any CPU
		{B7FABE54-46C6-4CDE-A47D-1FC97BFE7A57}.Release|Any CPU.ActiveCfg = Release|Any CPU
		{B7FABE54-46C6-4CDE-A47D-1FC97BFE7A57}.Release|Any CPU.Build.0 = Release|Any CPU
	EndGlobalSection
	GlobalSection(SolutionProperties) = preSolution
		HideSolutionNode = FALSE
	EndGlobalSection
	GlobalSection(ExtensibilityGlobals) = postSolution
		SolutionGuid = {146B2994-FCE2-4B69-8AB2-516AF95145F4}
	EndGlobalSection
EndGlobal
